dependencies:
- name: cert-manager
  repository: https://charts.jetstack.io
  version: v1.11.0
- name: opentelemetry-operator
  repository: https://open-telemetry.github.io/opentelemetry-helm-charts
  version: 0.26.0
digest: sha256:b936eafb93c4382927331f7b466c67571283f0308b465e5323f74765240f3532
generated: "2023-04-07T16:11:52.591334-06:00"
