dependencies:
- name: cert-manager
  repository: https://charts.jetstack.io
  version: v1.11.0
- name: opentelemetry-operator
  repository: https://open-telemetry.github.io/opentelemetry-helm-charts
  version: 0.26.0
digest: sha256:05f5a3e54c376cffaaac89fe04a76402292258bda1213c04614c3f4d046ce3bf
generated: "2023-04-07T15:43:23.069033-06:00"
